<?xml version="1.0" encoding="utf-8"?>
<Project ToolsVersion="4.0" xmlns="http://schemas.microsoft.com/developer/msbuild/2003">
  <ItemGroup>
    <Filter Include="Source Files">
      <UniqueIdentifier>{4FC737F1-C7A5-4376-A066-2A32D752A2FF}</UniqueIdentifier>
      <Extensions>cpp;c;cc;cxx;def;odl;idl;hpj;bat;asm;asmx</Extensions>
    </Filter>
    <Filter Include="Header Files">
      <UniqueIdentifier>{93995380-89BD-4b04-88EB-625FBE52EBFB}</UniqueIdentifier>
      <Extensions>h;hh;hpp;hxx;hm;inl;inc;ipp;xsd</Extensions>
    </Filter>
    <Filter Include="Resource Files">
      <UniqueIdentifier>{67DA6AB6-F800-4c08-8B7A-83BB121AAD01}</UniqueIdentifier>
      <Extensions>rc;ico;cur;bmp;dlg;rc2;rct;bin;rgs;gif;jpg;jpeg;jpe;resx;tiff;tif;png;wav;mfcribbon-ms</Extensions>
    </Filter>
    <Filter Include="Source Files\third_party">
      <UniqueIdentifier>{2d847517-c1e4-4a5a-a4de-84772f9becad}</UniqueIdentifier>
    </Filter>
    <Filter Include="Source Files\third_party\misc">
      <UniqueIdentifier>{cc8626c1-3c65-4f24-b8c8-2489c7f35c39}</UniqueIdentifier>
    </Filter>
    <Filter Include="Source Files\shaders">
      <UniqueIdentifier>{d8c0f409-0286-4aa6-a9b5-ce3d9629f5b0}</UniqueIdentifier>
    </Filter>
  </ItemGroup>
  <ItemGroup>
    <ClCompile Include="src\main.cpp">
      <Filter>Source Files</Filter>
    </ClCompile>
    <ClCompile Include="src\third_party\imgui\imgui.cpp">
      <Filter>Source Files\third_party</Filter>
    </ClCompile>
    <ClCompile Include="src\third_party\imgui\imgui_demo.cpp">
      <Filter>Source Files\third_party</Filter>
    </ClCompile>
    <ClCompile Include="src\third_party\imgui\imgui_draw.cpp">
      <Filter>Source Files\third_party</Filter>
    </ClCompile>
    <ClCompile Include="src\third_party\imgui\imgui_impl_opengl3.cpp">
      <Filter>Source Files\third_party</Filter>
    </ClCompile>
    <ClCompile Include="src\third_party\imgui\imgui_impl_sdl.cpp">
      <Filter>Source Files\third_party</Filter>
    </ClCompile>
    <ClCompile Include="src\third_party\imgui\imgui_widgets.cpp">
      <Filter>Source Files\third_party</Filter>
    </ClCompile>
    <ClCompile Include="src\Grid.cpp">
      <Filter>Source Files</Filter>
    </ClCompile>
    <ClCompile Include="src\ShaderProgram.cpp">
      <Filter>Source Files</Filter>
    </ClCompile>
    <ClCompile Include="src\App.cpp">
      <Filter>Source Files</Filter>
    </ClCompile>
    <ClCompile Include="src\CameraController.cpp">
      <Filter>Source Files</Filter>
    </ClCompile>
    <ClCompile Include="src\Zone.cpp">
      <Filter>Source Files</Filter>
    </ClCompile>
    <ClCompile Include="src\Tecplot.cpp">
      <Filter>Source Files</Filter>
    </ClCompile>
    <ClCompile Include="src\Misc.cpp">
      <Filter>Source Files</Filter>
    </ClCompile>
    <ClCompile Include="src\NFDHelper.cpp">
      <Filter>Source Files</Filter>
    </ClCompile>
  </ItemGroup>
  <ItemGroup>
    <ClInclude Include="src\third_party\imgui\imconfig.h">
      <Filter>Source Files\third_party</Filter>
    </ClInclude>
    <ClInclude Include="src\third_party\imgui\imgui.h">
      <Filter>Source Files\third_party</Filter>
    </ClInclude>
    <ClInclude Include="src\third_party\imgui\imgui_impl_opengl3.h">
      <Filter>Source Files\third_party</Filter>
    </ClInclude>
    <ClInclude Include="src\third_party\imgui\imgui_impl_sdl.h">
      <Filter>Source Files\third_party</Filter>
    </ClInclude>
    <ClInclude Include="src\third_party\imgui\imgui_internal.h">
      <Filter>Source Files\third_party</Filter>
    </ClInclude>
    <ClInclude Include="src\third_party\imgui\imstb_rectpack.h">
      <Filter>Source Files\third_party</Filter>
    </ClInclude>
    <ClInclude Include="src\third_party\imgui\imstb_textedit.h">
      <Filter>Source Files\third_party</Filter>
    </ClInclude>
    <ClInclude Include="src\third_party\imgui\imstb_truetype.h">
      <Filter>Source Files\third_party</Filter>
    </ClInclude>
    <ClInclude Include="src\Grid.h">
      <Filter>Source Files</Filter>
    </ClInclude>
    <ClInclude Include="src\ShaderProgram.h">
      <Filter>Source Files</Filter>
    </ClInclude>
    <ClInclude Include="src\App.h">
      <Filter>Source Files</Filter>
    </ClInclude>
    <ClInclude Include="src\CameraController.h">
      <Filter>Source Files</Filter>
    </ClInclude>
    <ClInclude Include="src\Zone.h">
      <Filter>Source Files</Filter>
    </ClInclude>
    <ClInclude Include="src\Tecplot.h">
      <Filter>Source Files</Filter>
    </ClInclude>
    <ClInclude Include="src\Misc.h">
      <Filter>Source Files</Filter>
    </ClInclude>
    <ClInclude Include="src\NFDHelper.h">
      <Filter>Source Files</Filter>
    </ClInclude>
  </ItemGroup>
  <ItemGroup>
    <None Include="shaders\points.frag">
      <Filter>Source Files\shaders</Filter>
    </None>
    <None Include="shaders\points.vert">
      <Filter>Source Files\shaders</Filter>
    </None>
  </ItemGroup>
</Project>