<?xml version="1.0" encoding="utf-8"?>
<Project ToolsVersion="4.0" xmlns="http://schemas.microsoft.com/developer/msbuild/2003">
  <ItemGroup>
    <Filter Include="Source Files">
      <UniqueIdentifier>{4FC737F1-C7A5-4376-A066-2A32D752A2FF}</UniqueIdentifier>
      <Extensions>cpp;c;cc;cxx;def;odl;idl;hpj;bat;asm;asmx</Extensions>
    </Filter>
    <Filter Include="Header Files">
      <UniqueIdentifier>{93995380-89BD-4b04-88EB-625FBE52EBFB}</UniqueIdentifier>
      <Extensions>h;hh;hpp;hxx;hm;inl;inc;ipp;xsd</Extensions>
    </Filter>
    <Filter Include="Resource Files">
      <UniqueIdentifier>{67DA6AB6-F800-4c08-8B7A-83BB121AAD01}</UniqueIdentifier>
      <Extensions>rc;ico;cur;bmp;dlg;rc2;rct;bin;rgs;gif;jpg;jpeg;jpe;resx;tiff;tif;png;wav;mfcribbon-ms</Extensions>
    </Filter>
    <Filter Include="Source Files\third_party">
      <UniqueIdentifier>{2d847517-c1e4-4a5a-a4de-84772f9becad}</UniqueIdentifier>
    </Filter>
    <Filter Include="Source Files\shaders">
      <UniqueIdentifier>{9cc00f9a-759b-4b1f-8e7e-9e4717c395fb}</UniqueIdentifier>
    </Filter>
    <Filter Include="Source Files\third_party\imgui">
      <UniqueIdentifier>{a6d3f480-be8a-40cd-8331-40f73b4dad3f}</UniqueIdentifier>
    </Filter>
    <Filter Include="Source Files\third_party\imgui\misc">
      <UniqueIdentifier>{cc8626c1-3c65-4f24-b8c8-2489c7f35c39}</UniqueIdentifier>
    </Filter>
    <Filter Include="Source Files\third_party\imgui-node-editor">
      <UniqueIdentifier>{486ece31-2e84-41f1-aa75-aa60fbc5683e}</UniqueIdentifier>
    </Filter>
    <Filter Include="Source Files\third_party\imgui-node-editor\utilities">
      <UniqueIdentifier>{1c7bdd5e-1b3a-4b8c-98e3-14c90d558b86}</UniqueIdentifier>
    </Filter>
  </ItemGroup>
  <ItemGroup>
    <ClCompile Include="src\main.cpp">
      <Filter>Source Files</Filter>
    </ClCompile>
    <ClCompile Include="src\Grid.cpp">
      <Filter>Source Files</Filter>
    </ClCompile>
    <ClCompile Include="src\App.cpp">
      <Filter>Source Files</Filter>
    </ClCompile>
    <ClCompile Include="src\CameraController.cpp">
      <Filter>Source Files</Filter>
    </ClCompile>
    <ClCompile Include="src\Zone.cpp">
      <Filter>Source Files</Filter>
    </ClCompile>
    <ClCompile Include="src\Tecplot.cpp">
      <Filter>Source Files</Filter>
    </ClCompile>
    <ClCompile Include="src\Misc.cpp">
      <Filter>Source Files</Filter>
    </ClCompile>
    <ClCompile Include="src\NFDHelper.cpp">
      <Filter>Source Files</Filter>
    </ClCompile>
    <ClCompile Include="src\Material.cpp">
      <Filter>Source Files</Filter>
    </ClCompile>
    <ClCompile Include="src\ShaderMetaData.cpp">
      <Filter>Source Files</Filter>
    </ClCompile>
    <ClCompile Include="src\ShaderProgram.cpp">
      <Filter>Source Files</Filter>
    </ClCompile>
    <ClCompile Include="src\third_party\imgui\imgui.cpp">
      <Filter>Source Files\third_party\imgui</Filter>
    </ClCompile>
    <ClCompile Include="src\third_party\imgui\imgui_demo.cpp">
      <Filter>Source Files\third_party\imgui</Filter>
    </ClCompile>
    <ClCompile Include="src\third_party\imgui\imgui_draw.cpp">
      <Filter>Source Files\third_party\imgui</Filter>
    </ClCompile>
    <ClCompile Include="src\third_party\imgui\imgui_impl_opengl3.cpp">
      <Filter>Source Files\third_party\imgui</Filter>
    </ClCompile>
    <ClCompile Include="src\third_party\imgui\imgui_impl_sdl.cpp">
      <Filter>Source Files\third_party\imgui</Filter>
    </ClCompile>
    <ClCompile Include="src\third_party\imgui\imgui_tables.cpp">
      <Filter>Source Files\third_party\imgui</Filter>
    </ClCompile>
    <ClCompile Include="src\third_party\imgui\imgui_widgets.cpp">
      <Filter>Source Files\third_party\imgui</Filter>
    </ClCompile>
    <ClCompile Include="src\third_party\imgui-node-editor\crude_json.cpp">
      <Filter>Source Files\third_party\imgui-node-editor</Filter>
    </ClCompile>
    <ClCompile Include="src\third_party\imgui-node-editor\imgui_canvas.cpp">
      <Filter>Source Files\third_party\imgui-node-editor</Filter>
    </ClCompile>
    <ClCompile Include="src\third_party\imgui-node-editor\imgui_node_editor.cpp">
      <Filter>Source Files\third_party\imgui-node-editor</Filter>
    </ClCompile>
    <ClCompile Include="src\third_party\imgui-node-editor\imgui_node_editor_api.cpp">
      <Filter>Source Files\third_party\imgui-node-editor</Filter>
    </ClCompile>
    <ClCompile Include="src\MaterialEditor.cpp">
      <Filter>Source Files</Filter>
    </ClCompile>
    <ClCompile Include="src\third_party\imgui-node-editor\utilities\builders.cpp">
      <Filter>Source Files\third_party\imgui-node-editor\utilities</Filter>
    </ClCompile>
    <ClCompile Include="src\third_party\imgui-node-editor\utilities\drawing.cpp">
      <Filter>Source Files\third_party\imgui-node-editor\utilities</Filter>
    </ClCompile>
    <ClCompile Include="src\third_party\imgui-node-editor\utilities\widgets.cpp">
      <Filter>Source Files\third_party\imgui-node-editor\utilities</Filter>
    </ClCompile>
    <ClCompile Include="src\MaterialCompiler.cpp">
      <Filter>Source Files</Filter>
    </ClCompile>
    <ClCompile Include="src\NodeGraph.cpp">
      <Filter>Source Files</Filter>
    </ClCompile>
    <ClCompile Include="src\UniformParam.cpp">
      <Filter>Source Files</Filter>
    </ClCompile>
    <ClCompile Include="src\NodeLibrary.cpp">
      <Filter>Source Files</Filter>
    </ClCompile>
  </ItemGroup>
  <ItemGroup>
    <ClInclude Include="src\Grid.h">
      <Filter>Source Files</Filter>
    </ClInclude>
    <ClInclude Include="src\App.h">
      <Filter>Source Files</Filter>
    </ClInclude>
    <ClInclude Include="src\CameraController.h">
      <Filter>Source Files</Filter>
    </ClInclude>
    <ClInclude Include="src\Zone.h">
      <Filter>Source Files</Filter>
    </ClInclude>
    <ClInclude Include="src\Tecplot.h">
      <Filter>Source Files</Filter>
    </ClInclude>
    <ClInclude Include="src\Misc.h">
      <Filter>Source Files</Filter>
    </ClInclude>
    <ClInclude Include="src\NFDHelper.h">
      <Filter>Source Files</Filter>
    </ClInclude>
    <ClInclude Include="src\Material.h">
      <Filter>Source Files</Filter>
    </ClInclude>
    <ClInclude Include="src\ShaderMetaData.h">
      <Filter>Source Files</Filter>
    </ClInclude>
    <ClInclude Include="src\ShaderProgram.h">
      <Filter>Source Files</Filter>
    </ClInclude>
    <ClInclude Include="src\third_party\imgui\imconfig.h">
      <Filter>Source Files\third_party\imgui</Filter>
    </ClInclude>
    <ClInclude Include="src\third_party\imgui\imgui.h">
      <Filter>Source Files\third_party\imgui</Filter>
    </ClInclude>
    <ClInclude Include="src\third_party\imgui\imgui_impl_opengl3.h">
      <Filter>Source Files\third_party\imgui</Filter>
    </ClInclude>
    <ClInclude Include="src\third_party\imgui\imgui_impl_sdl.h">
      <Filter>Source Files\third_party\imgui</Filter>
    </ClInclude>
    <ClInclude Include="src\third_party\imgui\imgui_internal.h">
      <Filter>Source Files\third_party\imgui</Filter>
    </ClInclude>
    <ClInclude Include="src\third_party\imgui\imstb_rectpack.h">
      <Filter>Source Files\third_party\imgui</Filter>
    </ClInclude>
    <ClInclude Include="src\third_party\imgui\imstb_textedit.h">
      <Filter>Source Files\third_party\imgui</Filter>
    </ClInclude>
    <ClInclude Include="src\third_party\imgui\imstb_truetype.h">
      <Filter>Source Files\third_party\imgui</Filter>
    </ClInclude>
    <ClInclude Include="src\third_party\imgui-node-editor\crude_json.h">
      <Filter>Source Files\third_party\imgui-node-editor</Filter>
    </ClInclude>
    <ClInclude Include="src\third_party\imgui-node-editor\imgui_bezier_math.h">
      <Filter>Source Files\third_party\imgui-node-editor</Filter>
    </ClInclude>
    <ClInclude Include="src\third_party\imgui-node-editor\imgui_canvas.h">
      <Filter>Source Files\third_party\imgui-node-editor</Filter>
    </ClInclude>
    <ClInclude Include="src\third_party\imgui-node-editor\imgui_extra_math.h">
      <Filter>Source Files\third_party\imgui-node-editor</Filter>
    </ClInclude>
    <ClInclude Include="src\third_party\imgui-node-editor\imgui_node_editor.h">
      <Filter>Source Files\third_party\imgui-node-editor</Filter>
    </ClInclude>
    <ClInclude Include="src\third_party\imgui-node-editor\imgui_node_editor_internal.h">
      <Filter>Source Files\third_party\imgui-node-editor</Filter>
    </ClInclude>
    <ClInclude Include="src\MaterialEditor.h">
      <Filter>Source Files</Filter>
    </ClInclude>
    <ClInclude Include="src\third_party\imgui-node-editor\utilities\builders.h">
      <Filter>Source Files\third_party\imgui-node-editor\utilities</Filter>
    </ClInclude>
    <ClInclude Include="src\third_party\imgui-node-editor\utilities\drawing.h">
      <Filter>Source Files\third_party\imgui-node-editor\utilities</Filter>
    </ClInclude>
    <ClInclude Include="src\third_party\imgui-node-editor\utilities\widgets.h">
      <Filter>Source Files\third_party\imgui-node-editor\utilities</Filter>
    </ClInclude>
    <ClInclude Include="src\NodeGraph.h">
      <Filter>Source Files</Filter>
    </ClInclude>
    <ClInclude Include="src\MaterialCompiler.h">
      <Filter>Source Files</Filter>
    </ClInclude>
    <ClInclude Include="src\UniformParam.h">
      <Filter>Source Files</Filter>
    </ClInclude>
    <ClInclude Include="src\NodeLibrary.h">
      <Filter>Source Files</Filter>
    </ClInclude>
  </ItemGroup>
  <ItemGroup>
    <None Include="shaders\default.frag">
      <Filter>Source Files\shaders</Filter>
    </None>
    <None Include="shaders\default.vert">
      <Filter>Source Files\shaders</Filter>
    </None>
    <None Include="shaders\red.frag">
      <Filter>Source Files\shaders</Filter>
    </None>
    <None Include="src\third_party\imgui-node-editor\imgui_bezier_math.inl">
      <Filter>Source Files\third_party\imgui-node-editor</Filter>
    </None>
    <None Include="src\third_party\imgui-node-editor\imgui_extra_math.inl">
      <Filter>Source Files\third_party\imgui-node-editor</Filter>
    </None>
    <None Include="src\third_party\imgui-node-editor\imgui_node_editor_internal.inl">
      <Filter>Source Files\third_party\imgui-node-editor</Filter>
    </None>
  </ItemGroup>
</Project>